
Microsoft Visual Studio Solution File, Format Version 12.00
# Visual Studio Version 16
VisualStudioVersion = 16.0.29009.5
MinimumVisualStudioVersion = 10.0.40219.1
Project("{FAE04EC0-301F-11D3-BF4B-00C04F79EFBC}") = "StudentManagementSystem", "StudentManagementSystem\StudentManagementSystem.csproj", "{F9B4C2D6-6D51-48A3-AE4E-008F8A0C4B0D}"
EndProject
Project("{FAE04EC0-301F-11D3-BF4B-00C04F79EFBC}") = "Business", "Business\Business.csproj", "{6D5EF24B-94E8-4A9A-AE7E-C0153633EEE8}"
EndProject
Project("{FAE04EC0-301F-11D3-BF4B-00C04F79EFBC}") = "EntityModel", "EntityModel\EntityModel.csproj", "{8983BE15-8166-4882-89A1-10C852BD973C}"
EndProject
Project("{FAE04EC0-301F-11D3-BF4B-00C04F79EFBC}") = "DataAccess", "DataAccess\DataAccess.csproj", "{A46E462A-A1A3-4E0B-925B-217FCF380BBE}"
EndProject
Global
	GlobalSection(SolutionConfigurationPlatforms) = preSolution
		Debug|Any CPU = Debug|Any CPU
		Release|Any CPU = Release|Any CPU
	EndGlobalSection
	GlobalSection(ProjectConfigurationPlatforms) = postSolution
		{F9B4C2D6-6D51-48A3-AE4E-008F8A0C4B0D}.Debug|Any CPU.ActiveCfg = Debug|Any CPU
		{F9B4C2D6-6D51-48A3-AE4E-008F8A0C4B0D}.Debug|Any CPU.Build.0 = Debug|Any CPU
		{F9B4C2D6-6D51-48A3-AE4E-008F8A0C4B0D}.Release|Any CPU.ActiveCfg = Release|Any CPU
		{F9B4C2D6-6D51-48A3-AE4E-008F8A0C4B0D}.Release|Any CPU.Build.0 = Release|Any CPU
		{6D5EF24B-94E8-4A9A-AE7E-C0153633EEE8}.Debug|Any CPU.ActiveCfg = Debug|Any CPU
		{6D5EF24B-94E8-4A9A-AE7E-C0153633EEE8}.Debug|Any CPU.Build.0 = Debug|Any CPU
		{6D5EF24B-94E8-4A9A-AE7E-C0153633EEE8}.Release|Any CPU.ActiveCfg = Release|Any CPU
		{6D5EF24B-94E8-4A9A-AE7E-C0153633EEE8}.Release|Any CPU.Build.0 = Release|Any CPU
		{8983BE15-8166-4882-89A1-10C852BD973C}.Debug|Any CPU.ActiveCfg = Debug|Any CPU
		{8983BE15-8166-4882-89A1-10C852BD973C}.Debug|Any CPU.Build.0 = Debug|Any CPU
		{8983BE15-8166-4882-89A1-10C852BD973C}.Release|Any CPU.ActiveCfg = Release|Any CPU
		{8983BE15-8166-4882-89A1-10C852BD973C}.Release|Any CPU.Build.0 = Release|Any CPU
		{A46E462A-A1A3-4E0B-925B-217FCF380BBE}.Debug|Any CPU.ActiveCfg = Debug|Any CPU
		{A46E462A-A1A3-4E0B-925B-217FCF380BBE}.Debug|Any CPU.Build.0 = Debug|Any CPU
		{A46E462A-A1A3-4E0B-925B-217FCF380BBE}.Release|Any CPU.ActiveCfg = Release|Any CPU
		{A46E462A-A1A3-4E0B-925B-217FCF380BBE}.Release|Any CPU.Build.0 = Release|Any CPU
	EndGlobalSection
	GlobalSection(SolutionProperties) = preSolution
		HideSolutionNode = FALSE
	EndGlobalSection
	GlobalSection(ExtensibilityGlobals) = postSolution
		SolutionGuid = {A28FEAD6-9A36-44D2-9069-209ED11EA5E9}
	EndGlobalSection
EndGlobal
